
Microsoft Visual Studio Solution File, Format Version 12.00
# Visual Studio Version 16
VisualStudioVersion = 16.0.29418.71
MinimumVisualStudioVersion = 10.0.40219.1
Project("{FAE04EC0-301F-11D3-BF4B-00C04F79EFBC}") = "MarsChallenge", "MarsChallenge\MarsChallenge.csproj", "{50808D5F-8849-41CE-8BC9-4A312B7DB0A9}"
EndProject
Project("{2150E333-8FDC-42A3-9474-1A3956D46DE8}") = "Solution Items", "Solution Items", "{4116EAB0-B322-4C33-8669-E6E4C0DC49FC}"
	ProjectSection(SolutionItems) = preProject
		README.md = README.md
	EndProjectSection
EndProject
Project("{FAE04EC0-301F-11D3-BF4B-00C04F79EFBC}") = "MarsChallengeWPF", "MarsChallengeWPF\MarsChallengeWPF.csproj", "{231E59E3-0930-4699-9478-EE81609B78D2}"
EndProject
Global
	GlobalSection(SolutionConfigurationPlatforms) = preSolution
		Debug|Any CPU = Debug|Any CPU
		Release|Any CPU = Release|Any CPU
	EndGlobalSection
	GlobalSection(ProjectConfigurationPlatforms) = postSolution
		{50808D5F-8849-41CE-8BC9-4A312B7DB0A9}.Debug|Any CPU.ActiveCfg = Debug|Any CPU
		{50808D5F-8849-41CE-8BC9-4A312B7DB0A9}.Debug|Any CPU.Build.0 = Debug|Any CPU
		{50808D5F-8849-41CE-8BC9-4A312B7DB0A9}.Release|Any CPU.ActiveCfg = Release|Any CPU
		{50808D5F-8849-41CE-8BC9-4A312B7DB0A9}.Release|Any CPU.Build.0 = Release|Any CPU
		{231E59E3-0930-4699-9478-EE81609B78D2}.Debug|Any CPU.ActiveCfg = Debug|Any CPU
		{231E59E3-0930-4699-9478-EE81609B78D2}.Debug|Any CPU.Build.0 = Debug|Any CPU
		{231E59E3-0930-4699-9478-EE81609B78D2}.Release|Any CPU.ActiveCfg = Release|Any CPU
		{231E59E3-0930-4699-9478-EE81609B78D2}.Release|Any CPU.Build.0 = Release|Any CPU
	EndGlobalSection
	GlobalSection(SolutionProperties) = preSolution
		HideSolutionNode = FALSE
	EndGlobalSection
	GlobalSection(ExtensibilityGlobals) = postSolution
		SolutionGuid = {9B74BBB1-8382-490E-95F3-67562268D132}
	EndGlobalSection
EndGlobal
